
Microsoft Visual Studio Solution File, Format Version 12.00
# Visual Studio Version 16
VisualStudioVersion = 16.0.31624.102
MinimumVisualStudioVersion = 10.0.40219.1
Project("{FAE04EC0-301F-11D3-BF4B-00C04F79EFBC}") = "Mariani.App2", "Mariani.App2\Mariani.App2.csproj", "{2FBFCE2F-2141-4729-B7FC-1041F6B0A857}"
EndProject
Global
	GlobalSection(SolutionConfigurationPlatforms) = preSolution
		Debug|Any CPU = Debug|Any CPU
		Release|Any CPU = Release|Any CPU
	EndGlobalSection
	GlobalSection(ProjectConfigurationPlatforms) = postSolution
		{2FBFCE2F-2141-4729-B7FC-1041F6B0A857}.Debug|Any CPU.ActiveCfg = Debug|Any CPU
		{2FBFCE2F-2141-4729-B7FC-1041F6B0A857}.Debug|Any CPU.Build.0 = Debug|Any CPU
		{2FBFCE2F-2141-4729-B7FC-1041F6B0A857}.Release|Any CPU.ActiveCfg = Release|Any CPU
		{2FBFCE2F-2141-4729-B7FC-1041F6B0A857}.Release|Any CPU.Build.0 = Release|Any CPU
	EndGlobalSection
	GlobalSection(SolutionProperties) = preSolution
		HideSolutionNode = FALSE
	EndGlobalSection
	GlobalSection(ExtensibilityGlobals) = postSolution
		SolutionGuid = {6CC5BD78-3A85-47AB-AE90-B1884A58DAE1}
	EndGlobalSection
EndGlobal
